
Microsoft Visual Studio Solution File, Format Version 12.00
# Visual Studio Version 17
VisualStudioVersion = 17.4.33103.184
MinimumVisualStudioVersion = 10.0.40219.1
Project("{FAE04EC0-301F-11D3-BF4B-00C04F79EFBC}") = "Cozma_Antonia_Lab_2", "Cozma_Antonia_Lab_2.csproj", "{8D92E085-2F0A-4562-A1DF-941C38A52676}"
EndProject
Global
	GlobalSection(SolutionConfigurationPlatforms) = preSolution
		Debug|Any CPU = Debug|Any CPU
		Release|Any CPU = Release|Any CPU
	EndGlobalSection
	GlobalSection(ProjectConfigurationPlatforms) = postSolution
		{8D92E085-2F0A-4562-A1DF-941C38A52676}.Debug|Any CPU.ActiveCfg = Debug|Any CPU
		{8D92E085-2F0A-4562-A1DF-941C38A52676}.Debug|Any CPU.Build.0 = Debug|Any CPU
		{8D92E085-2F0A-4562-A1DF-941C38A52676}.Release|Any CPU.ActiveCfg = Release|Any CPU
		{8D92E085-2F0A-4562-A1DF-941C38A52676}.Release|Any CPU.Build.0 = Release|Any CPU
	EndGlobalSection
	GlobalSection(SolutionProperties) = preSolution
		HideSolutionNode = FALSE
	EndGlobalSection
	GlobalSection(ExtensibilityGlobals) = postSolution
		SolutionGuid = {493EF42C-58A5-436A-8D88-D5BF3CA1C9C0}
	EndGlobalSection
EndGlobal
